{
  "nodes": {
    "anyrun": {
      "inputs": {
        "flake-parts": "flake-parts",
        "nixpkgs": [
          "nixpkgs"
        ],
        "systems": "systems"
      },
      "locked": {
<<<<<<< HEAD
        "lastModified": 1735301051,
        "narHash": "sha256-jU88Q9tP4vuvWYGQcmOdFwI9e2uMPVYJHbXdiklIH9o=",
        "owner": "anyrun-org",
        "repo": "anyrun",
        "rev": "06017e753c8886d5296768dca80745ee09402a2d",
=======
        "lastModified": 1731092955,
        "narHash": "sha256-L1hLXf4IDZ0KoXbFiSNNZJ7IrReEr/J+CLt6Rl4Ea3M=",
        "owner": "anyrun-org",
        "repo": "anyrun",
        "rev": "d2017f224b2bfd7e33573c7070e7c3e2960c7dcc",
>>>>>>> 964b5ad04e4bd81ebcffef482aeb4bb4d8dd1df4
        "type": "github"
      },
      "original": {
        "owner": "anyrun-org",
        "repo": "anyrun",
        "type": "github"
      }
    },
    "aquamarine": {
      "inputs": {
        "hyprutils": [
          "hyprland",
          "hyprutils"
        ],
        "hyprwayland-scanner": [
          "hyprland",
          "hyprwayland-scanner"
        ],
        "nixpkgs": [
          "hyprland",
          "nixpkgs"
        ],
        "systems": [
          "hyprland",
          "systems"
        ]
      },
      "locked": {
<<<<<<< HEAD
        "lastModified": 1736102453,
        "narHash": "sha256-5qb4kb7Xbt8jJFL/oDqOor9Z2+E+A+ql3PiyDvsfWZ0=",
        "owner": "hyprwm",
        "repo": "aquamarine",
        "rev": "4846091641f3be0ad7542086d52769bb7932bde6",
=======
        "lastModified": 1731959031,
        "narHash": "sha256-TGcvIjftziC1CjuiHCzrYDwmOoSFYIhdiKmLetzB5L0=",
        "owner": "hyprwm",
        "repo": "aquamarine",
        "rev": "4468981c1c50999f315baa1508f0e53c4ee70c52",
>>>>>>> 964b5ad04e4bd81ebcffef482aeb4bb4d8dd1df4
        "type": "github"
      },
      "original": {
        "owner": "hyprwm",
        "repo": "aquamarine",
        "type": "github"
      }
    },
    "devshell": {
      "inputs": {
        "nixpkgs": [
          "nixvim",
          "nixpkgs"
        ]
      },
      "locked": {
        "lastModified": 1735644329,
        "narHash": "sha256-tO3HrHriyLvipc4xr+Ewtdlo7wM1OjXNjlWRgmM7peY=",
        "owner": "numtide",
        "repo": "devshell",
        "rev": "f7795ede5b02664b57035b3b757876703e2c3eac",
        "type": "github"
      },
      "original": {
        "owner": "numtide",
        "repo": "devshell",
        "type": "github"
      }
    },
    "flake-compat": {
      "flake": false,
      "locked": {
        "lastModified": 1696426674,
        "narHash": "sha256-kvjfFW7WAETZlt09AgDn1MrtKzP7t90Vf7vypd3OL1U=",
        "owner": "edolstra",
        "repo": "flake-compat",
        "rev": "0f9255e01c2351cc7d116c072cb317785dd33b33",
        "type": "github"
      },
      "original": {
        "owner": "edolstra",
        "repo": "flake-compat",
        "type": "github"
      }
    },
    "flake-compat_2": {
      "locked": {
        "lastModified": 1696426674,
        "narHash": "sha256-kvjfFW7WAETZlt09AgDn1MrtKzP7t90Vf7vypd3OL1U=",
        "rev": "0f9255e01c2351cc7d116c072cb317785dd33b33",
        "revCount": 57,
        "type": "tarball",
        "url": "https://api.flakehub.com/f/pinned/edolstra/flake-compat/1.0.1/018afb31-abd1-7bff-a5e4-cff7e18efb7a/source.tar.gz"
      },
      "original": {
        "type": "tarball",
        "url": "https://flakehub.com/f/edolstra/flake-compat/1.tar.gz"
      }
    },
    "flake-parts": {
      "inputs": {
        "nixpkgs-lib": [
          "anyrun",
          "nixpkgs"
        ]
      },
      "locked": {
        "lastModified": 1727826117,
        "narHash": "sha256-K5ZLCyfO/Zj9mPFldf3iwS6oZStJcU4tSpiXTMYaaL0=",
        "owner": "hercules-ci",
        "repo": "flake-parts",
        "rev": "3d04084d54bedc3d6b8b736c70ef449225c361b1",
        "type": "github"
      },
      "original": {
        "owner": "hercules-ci",
        "repo": "flake-parts",
        "type": "github"
      }
    },
    "flake-parts_2": {
      "inputs": {
        "nixpkgs-lib": [
          "nixvim",
          "nixpkgs"
        ]
      },
      "locked": {
<<<<<<< HEAD
        "lastModified": 1736143030,
        "narHash": "sha256-+hu54pAoLDEZT9pjHlqL9DNzWz0NbUn8NEAHP7PQPzU=",
        "owner": "hercules-ci",
        "repo": "flake-parts",
        "rev": "b905f6fc23a9051a6e1b741e1438dbfc0634c6de",
=======
        "lastModified": 1730504689,
        "narHash": "sha256-hgmguH29K2fvs9szpq2r3pz2/8cJd2LPS+b4tfNFCwE=",
        "owner": "hercules-ci",
        "repo": "flake-parts",
        "rev": "506278e768c2a08bec68eb62932193e341f55c90",
>>>>>>> 964b5ad04e4bd81ebcffef482aeb4bb4d8dd1df4
        "type": "github"
      },
      "original": {
        "owner": "hercules-ci",
        "repo": "flake-parts",
        "type": "github"
      }
    },
    "flake-utils": {
      "inputs": {
        "systems": "systems_3"
      },
      "locked": {
        "lastModified": 1731533236,
        "narHash": "sha256-l0KFg5HjrsfsO/JpG+r7fRrqm12kzFHyUHqHCVpMMbI=",
        "owner": "numtide",
        "repo": "flake-utils",
        "rev": "11707dc2f618dd54ca8739b309ec4fc024de578b",
        "type": "github"
      },
      "original": {
        "owner": "numtide",
        "repo": "flake-utils",
        "type": "github"
      }
    },
    "git-hooks": {
      "inputs": {
        "flake-compat": [
          "nixvim",
          "flake-compat"
        ],
        "gitignore": "gitignore_2",
        "nixpkgs": [
          "nixvim",
          "nixpkgs"
        ]
      },
      "locked": {
<<<<<<< HEAD
        "lastModified": 1735882644,
        "narHash": "sha256-3FZAG+pGt3OElQjesCAWeMkQ7C/nB1oTHLRQ8ceP110=",
        "owner": "cachix",
        "repo": "git-hooks.nix",
        "rev": "a5a961387e75ae44cc20f0a57ae463da5e959656",
=======
        "lastModified": 1732021966,
        "narHash": "sha256-mnTbjpdqF0luOkou8ZFi2asa1N3AA2CchR/RqCNmsGE=",
        "owner": "cachix",
        "repo": "git-hooks.nix",
        "rev": "3308484d1a443fc5bc92012435d79e80458fe43c",
>>>>>>> 964b5ad04e4bd81ebcffef482aeb4bb4d8dd1df4
        "type": "github"
      },
      "original": {
        "owner": "cachix",
        "repo": "git-hooks.nix",
        "type": "github"
      }
    },
    "gitignore": {
      "inputs": {
        "nixpkgs": [
          "hyprland",
          "pre-commit-hooks",
          "nixpkgs"
        ]
      },
      "locked": {
        "lastModified": 1709087332,
        "narHash": "sha256-HG2cCnktfHsKV0s4XW83gU3F57gaTljL9KNSuG6bnQs=",
        "owner": "hercules-ci",
        "repo": "gitignore.nix",
        "rev": "637db329424fd7e46cf4185293b9cc8c88c95394",
        "type": "github"
      },
      "original": {
        "owner": "hercules-ci",
        "repo": "gitignore.nix",
        "type": "github"
      }
    },
    "gitignore_2": {
      "inputs": {
        "nixpkgs": [
          "nixvim",
          "git-hooks",
          "nixpkgs"
        ]
      },
      "locked": {
        "lastModified": 1709087332,
        "narHash": "sha256-HG2cCnktfHsKV0s4XW83gU3F57gaTljL9KNSuG6bnQs=",
        "owner": "hercules-ci",
        "repo": "gitignore.nix",
        "rev": "637db329424fd7e46cf4185293b9cc8c88c95394",
        "type": "github"
      },
      "original": {
        "owner": "hercules-ci",
        "repo": "gitignore.nix",
        "type": "github"
      }
    },
    "home-manager": {
      "inputs": {
        "nixpkgs": [
          "nixpkgs"
        ]
      },
      "locked": {
<<<<<<< HEAD
        "lastModified": 1736785676,
        "narHash": "sha256-TY0jUwR3EW0fnS0X5wXMAVy6h4Z7Y6a3m+Yq++C9AyE=",
        "owner": "nix-community",
        "repo": "home-manager",
        "rev": "fc52a210b60f2f52c74eac41a8647c1573d2071d",
=======
        "lastModified": 1733317578,
        "narHash": "sha256-anN/LcP5IuqEARvhPETg1vnbyG3IQ0wdvSAYEJfIQzA=",
        "owner": "nix-community",
        "repo": "home-manager",
        "rev": "ad48eb25cd0b00ce730da00fa1f8e6e6c27b397d",
>>>>>>> 964b5ad04e4bd81ebcffef482aeb4bb4d8dd1df4
        "type": "github"
      },
      "original": {
        "owner": "nix-community",
        "repo": "home-manager",
        "type": "github"
      }
    },
    "home-manager_2": {
      "inputs": {
        "nixpkgs": [
          "nixvim",
          "nixpkgs"
        ]
      },
      "locked": {
<<<<<<< HEAD
        "lastModified": 1736508663,
        "narHash": "sha256-ZOaGwa+WnB7Zn3YXimqjmIugAnHePdXCmNu+AHkq808=",
        "owner": "nix-community",
        "repo": "home-manager",
        "rev": "2532b500c3ed2b8940e831039dcec5a5ea093afc",
=======
        "lastModified": 1733175814,
        "narHash": "sha256-zFOtOaqjzZfPMsm1mwu98syv3y+jziAq5DfWygaMtLg=",
        "owner": "nix-community",
        "repo": "home-manager",
        "rev": "bf23fe41082aa0289c209169302afd3397092f22",
>>>>>>> 964b5ad04e4bd81ebcffef482aeb4bb4d8dd1df4
        "type": "github"
      },
      "original": {
        "owner": "nix-community",
        "repo": "home-manager",
        "type": "github"
      }
    },
    "hyprcursor": {
      "inputs": {
        "hyprlang": [
          "hyprland",
          "hyprlang"
        ],
        "nixpkgs": [
          "hyprland",
          "nixpkgs"
        ],
        "systems": [
          "hyprland",
          "systems"
        ]
      },
      "locked": {
        "lastModified": 1734906540,
        "narHash": "sha256-vQ/L9hZFezC0LquLo4TWXkyniWtYBlFHAKIsDc7PYJE=",
        "owner": "hyprwm",
        "repo": "hyprcursor",
        "rev": "69270ba8f057d55b0e6c2dca0e165d652856e613",
        "type": "github"
      },
      "original": {
        "owner": "hyprwm",
        "repo": "hyprcursor",
        "type": "github"
      }
    },
    "hyprgraphics": {
      "inputs": {
        "hyprutils": [
          "hyprland",
          "hyprutils"
        ],
        "nixpkgs": [
          "hyprland",
          "nixpkgs"
        ],
        "systems": [
          "hyprland",
          "systems"
        ]
      },
      "locked": {
<<<<<<< HEAD
        "lastModified": 1736115290,
        "narHash": "sha256-Jcn6yAzfUMcxy3tN/iZRbi/QgrYm7XLyVRl9g/nbUl4=",
        "owner": "hyprwm",
        "repo": "hyprgraphics",
        "rev": "52202272d89da32a9f866c0d10305a5e3d954c50",
=======
        "lastModified": 1733248371,
        "narHash": "sha256-FFLJzFTyNhS7tBEEECx0B8Ye/bpmxhFVEKlECgMLc6c=",
        "owner": "hyprwm",
        "repo": "hyprgraphics",
        "rev": "cc95e5babc6065bc3ab4cd195429a9900836ef13",
>>>>>>> 964b5ad04e4bd81ebcffef482aeb4bb4d8dd1df4
        "type": "github"
      },
      "original": {
        "owner": "hyprwm",
        "repo": "hyprgraphics",
        "type": "github"
      }
    },
    "hyprland": {
      "inputs": {
        "aquamarine": "aquamarine",
        "hyprcursor": "hyprcursor",
        "hyprgraphics": "hyprgraphics",
        "hyprland-protocols": "hyprland-protocols",
        "hyprland-qtutils": "hyprland-qtutils",
        "hyprlang": "hyprlang",
        "hyprutils": "hyprutils",
        "hyprwayland-scanner": "hyprwayland-scanner",
        "nixpkgs": "nixpkgs",
        "pre-commit-hooks": "pre-commit-hooks",
        "systems": "systems_2",
        "xdph": "xdph"
      },
      "locked": {
<<<<<<< HEAD
        "lastModified": 1736873552,
        "narHash": "sha256-lGZv+YcdDXYowKJf7vaeu97o7JKFzTL/vzS8WxTT+UM=",
        "ref": "refs/heads/main",
        "rev": "25add26881d7b98d2b80eb7a95d3aee0449b72b9",
        "revCount": 5672,
=======
        "lastModified": 1733335924,
        "narHash": "sha256-1B5MWkNhZutZV11u3ysnPkam8lgQREW7wpihiXdWjlE=",
        "ref": "refs/heads/main",
        "rev": "f9e4998a6d7713b19947b0db2c43ad88c5b71d80",
        "revCount": 5513,
>>>>>>> 964b5ad04e4bd81ebcffef482aeb4bb4d8dd1df4
        "submodules": true,
        "type": "git",
        "url": "https://github.com/hyprwm/Hyprland"
      },
      "original": {
        "submodules": true,
        "type": "git",
        "url": "https://github.com/hyprwm/Hyprland"
      }
    },
    "hyprland-protocols": {
      "inputs": {
        "nixpkgs": [
          "hyprland",
          "nixpkgs"
        ],
        "systems": [
          "hyprland",
          "systems"
        ]
      },
      "locked": {
        "lastModified": 1735774328,
        "narHash": "sha256-vIRwLS9w+N99EU1aJ+XNOU6mJTxrUBa31i1r82l0V7s=",
        "owner": "hyprwm",
        "repo": "hyprland-protocols",
        "rev": "e3b6af97ddcfaafbda8e2828c719a5af84f662cb",
        "type": "github"
      },
      "original": {
        "owner": "hyprwm",
        "repo": "hyprland-protocols",
        "type": "github"
      }
    },
    "hyprland-qtutils": {
      "inputs": {
        "hyprutils": [
          "hyprland",
          "hyprutils"
        ],
        "nixpkgs": [
          "hyprland",
          "nixpkgs"
        ],
        "systems": [
          "hyprland",
          "systems"
        ]
      },
      "locked": {
        "lastModified": 1736114838,
        "narHash": "sha256-FxbuGQExtN37ToWYnGmO6weOYN6WPHN/RAqbr7gNPek=",
        "owner": "hyprwm",
        "repo": "hyprland-qtutils",
        "rev": "6997fe382dcf396704227d2b98ffdd5066da6959",
        "type": "github"
      },
      "original": {
        "owner": "hyprwm",
        "repo": "hyprland-qtutils",
        "type": "github"
      }
    },
    "hyprlang": {
      "inputs": {
        "hyprutils": [
          "hyprland",
          "hyprutils"
        ],
        "nixpkgs": [
          "hyprland",
          "nixpkgs"
        ],
        "systems": [
          "hyprland",
          "systems"
        ]
      },
      "locked": {
        "lastModified": 1735393019,
        "narHash": "sha256-NPpqA8rtmDLsEmZOmz+qR67zsB6Y503Jnv+nSFLKJZ8=",
        "owner": "hyprwm",
        "repo": "hyprlang",
        "rev": "55608efdaa387af7bfdc0eddb404c409958efa43",
        "type": "github"
      },
      "original": {
        "owner": "hyprwm",
        "repo": "hyprlang",
        "type": "github"
      }
    },
    "hyprutils": {
      "inputs": {
        "nixpkgs": [
          "hyprland",
          "nixpkgs"
        ],
        "systems": [
          "hyprland",
          "systems"
        ]
      },
      "locked": {
<<<<<<< HEAD
        "lastModified": 1736164519,
        "narHash": "sha256-1LimBKvDpBbeX+qW7T240WEyw+DBVpDotZB4JYm8Aps=",
        "owner": "hyprwm",
        "repo": "hyprutils",
        "rev": "3c895da64b0eb19870142196fa48c07090b441c4",
=======
        "lastModified": 1732288281,
        "narHash": "sha256-XTU9B53IjGeJiJ7LstOhuxcRjCOFkQFl01H78sT9Lg4=",
        "owner": "hyprwm",
        "repo": "hyprutils",
        "rev": "b26f33cc1c8a7fd5076e19e2cce3f062dca6351c",
>>>>>>> 964b5ad04e4bd81ebcffef482aeb4bb4d8dd1df4
        "type": "github"
      },
      "original": {
        "owner": "hyprwm",
        "repo": "hyprutils",
        "type": "github"
      }
    },
    "hyprwayland-scanner": {
      "inputs": {
        "nixpkgs": [
          "hyprland",
          "nixpkgs"
        ],
        "systems": [
          "hyprland",
          "systems"
        ]
      },
      "locked": {
        "lastModified": 1735493474,
        "narHash": "sha256-fktzv4NaqKm94VAkAoVqO/nqQlw+X0/tJJNAeCSfzK4=",
        "owner": "hyprwm",
        "repo": "hyprwayland-scanner",
        "rev": "de913476b59ee88685fdc018e77b8f6637a2ae0b",
        "type": "github"
      },
      "original": {
        "owner": "hyprwm",
        "repo": "hyprwayland-scanner",
        "type": "github"
      }
    },
    "ixx": {
      "inputs": {
        "flake-utils": [
          "nixvim",
          "nuschtosSearch",
          "flake-utils"
        ],
        "nixpkgs": [
          "nixvim",
          "nuschtosSearch",
          "nixpkgs"
        ]
      },
      "locked": {
        "lastModified": 1729958008,
        "narHash": "sha256-EiOq8jF4Z/zQe0QYVc3+qSKxRK//CFHMB84aYrYGwEs=",
        "owner": "NuschtOS",
        "repo": "ixx",
        "rev": "9fd01aad037f345350eab2cd45e1946cc66da4eb",
        "type": "github"
      },
      "original": {
        "owner": "NuschtOS",
        "ref": "v0.0.6",
        "repo": "ixx",
        "type": "github"
      }
    },
    "nix-darwin": {
      "inputs": {
        "nixpkgs": [
          "nixvim",
          "nixpkgs"
        ]
      },
      "locked": {
<<<<<<< HEAD
        "lastModified": 1736370755,
        "narHash": "sha256-iWcjToBpx4PUd74uqvIGAfqqVfyrvRLRauC/SxEKIF0=",
        "owner": "lnl7",
        "repo": "nix-darwin",
        "rev": "57733bd1dc81900e13438e5b4439239f1b29db0e",
=======
        "lastModified": 1733105089,
        "narHash": "sha256-Qs3YmoLYUJ8g4RkFj2rMrzrP91e4ShAioC9s+vG6ENM=",
        "owner": "lnl7",
        "repo": "nix-darwin",
        "rev": "c6b65d946097baf3915dd51373251de98199280d",
>>>>>>> 964b5ad04e4bd81ebcffef482aeb4bb4d8dd1df4
        "type": "github"
      },
      "original": {
        "owner": "lnl7",
        "repo": "nix-darwin",
        "type": "github"
      }
    },
    "nixpkgs": {
      "locked": {
<<<<<<< HEAD
        "lastModified": 1736012469,
        "narHash": "sha256-/qlNWm/IEVVH7GfgAIyP6EsVZI6zjAx1cV5zNyrs+rI=",
        "owner": "NixOS",
        "repo": "nixpkgs",
        "rev": "8f3e1f807051e32d8c95cd12b9b421623850a34d",
=======
        "lastModified": 1732758367,
        "narHash": "sha256-RzaI1RO0UXqLjydtz3GAXSTzHkpb/lLD1JD8a0W4Wpo=",
        "owner": "NixOS",
        "repo": "nixpkgs",
        "rev": "fa42b5a5f401aab8a32bd33c9a4de0738180dc59",
>>>>>>> 964b5ad04e4bd81ebcffef482aeb4bb4d8dd1df4
        "type": "github"
      },
      "original": {
        "owner": "NixOS",
        "ref": "nixos-unstable",
        "repo": "nixpkgs",
        "type": "github"
      }
    },
<<<<<<< HEAD
    "nixpkgs_2": {
      "locked": {
        "lastModified": 1736798957,
        "narHash": "sha256-qwpCtZhSsSNQtK4xYGzMiyEDhkNzOCz/Vfu4oL2ETsQ=",
        "owner": "nixos",
        "repo": "nixpkgs",
        "rev": "9abb87b552b7f55ac8916b6fc9e5cb486656a2f3",
=======
    "nixpkgs-stable": {
      "locked": {
        "lastModified": 1730741070,
        "narHash": "sha256-edm8WG19kWozJ/GqyYx2VjW99EdhjKwbY3ZwdlPAAlo=",
        "owner": "NixOS",
        "repo": "nixpkgs",
        "rev": "d063c1dd113c91ab27959ba540c0d9753409edf3",
        "type": "github"
      },
      "original": {
        "owner": "NixOS",
        "ref": "nixos-24.05",
        "repo": "nixpkgs",
        "type": "github"
      }
    },
    "nixpkgs_2": {
      "locked": {
        "lastModified": 1733212471,
        "narHash": "sha256-M1+uCoV5igihRfcUKrr1riygbe73/dzNnzPsmaLCmpo=",
        "owner": "nixos",
        "repo": "nixpkgs",
        "rev": "55d15ad12a74eb7d4646254e13638ad0c4128776",
>>>>>>> 964b5ad04e4bd81ebcffef482aeb4bb4d8dd1df4
        "type": "github"
      },
      "original": {
        "owner": "nixos",
        "ref": "nixos-unstable",
        "repo": "nixpkgs",
        "type": "github"
      }
    },
    "nixvim": {
      "inputs": {
        "devshell": "devshell",
        "flake-compat": "flake-compat_2",
        "flake-parts": "flake-parts_2",
        "git-hooks": "git-hooks",
        "home-manager": "home-manager_2",
        "nix-darwin": "nix-darwin",
        "nixpkgs": [
          "nixpkgs"
        ],
        "nuschtosSearch": "nuschtosSearch",
        "treefmt-nix": "treefmt-nix"
      },
      "locked": {
<<<<<<< HEAD
        "lastModified": 1736876796,
        "narHash": "sha256-Z7zxkh7b7Nfcryir3W2+wy7Ju1i1wSABGX01fA3+3hM=",
        "owner": "nix-community",
        "repo": "nixvim",
        "rev": "4282b73ac0dbea03ad74ee8975c33ec41b0a7f25",
=======
        "lastModified": 1733326706,
        "narHash": "sha256-lUX5R3HgfQ6qWj0pJ/vvtYAxtPU3n71y2OcjVTcCFYg=",
        "owner": "nix-community",
        "repo": "nixvim",
        "rev": "d4ae1e362fa2deed663952e31c73f4d85fef6070",
>>>>>>> 964b5ad04e4bd81ebcffef482aeb4bb4d8dd1df4
        "type": "github"
      },
      "original": {
        "owner": "nix-community",
        "repo": "nixvim",
        "type": "github"
      }
    },
    "nuschtosSearch": {
      "inputs": {
        "flake-utils": "flake-utils",
        "ixx": "ixx",
        "nixpkgs": [
          "nixvim",
          "nixpkgs"
        ]
      },
      "locked": {
<<<<<<< HEAD
        "lastModified": 1735854821,
        "narHash": "sha256-Iv59gMDZajNfezTO0Fw6LHE7uKAShxbvMidmZREit7c=",
        "owner": "NuschtOS",
        "repo": "search",
        "rev": "836908e3bddd837ae0f13e215dd48767aee355f0",
=======
        "lastModified": 1733006402,
        "narHash": "sha256-BC1CecAQISV5Q4LZK72Gx0+faemOwaChiD9rMVfDPoA=",
        "owner": "NuschtOS",
        "repo": "search",
        "rev": "16307548b7a1247291c84ae6a12c0aacb07dfba2",
>>>>>>> 964b5ad04e4bd81ebcffef482aeb4bb4d8dd1df4
        "type": "github"
      },
      "original": {
        "owner": "NuschtOS",
        "repo": "search",
        "type": "github"
      }
    },
    "ow-mod-man": {
      "inputs": {
        "nixpkgs": [
          "nixpkgs"
        ]
      },
      "locked": {
<<<<<<< HEAD
        "lastModified": 1736732746,
        "narHash": "sha256-MZqPI/WvYHM5AFC++Fa9UiofaYJWgzeEBZUgpp2heQk=",
        "owner": "ow-mods",
        "repo": "ow-mod-man",
        "rev": "88c90eaf3c345af911c9b67630c760b8a1cdb97e",
=======
        "lastModified": 1732912540,
        "narHash": "sha256-05aJUsO1N2JQlSAKErPj0xc9slL42FsQ08guw1UUj/I=",
        "owner": "ow-mods",
        "repo": "ow-mod-man",
        "rev": "b43a3e1efe43eb13451aff88e935d82a6a4b1d50",
>>>>>>> 964b5ad04e4bd81ebcffef482aeb4bb4d8dd1df4
        "type": "github"
      },
      "original": {
        "owner": "ow-mods",
        "repo": "ow-mod-man",
        "type": "github"
      }
    },
    "plugin-markdown": {
      "flake": false,
      "locked": {
<<<<<<< HEAD
        "lastModified": 1736893306,
        "narHash": "sha256-O42eilaQb0BClbm1lciU/vQlUo/hyo1eeeCF39eqnNQ=",
        "owner": "MeanderingProgrammer",
        "repo": "markdown.nvim",
        "rev": "f0eb5893556200e9f945c0f0ea3c83bbd20dd963",
=======
        "lastModified": 1733302013,
        "narHash": "sha256-F2fVuGXAUg4XKb3nCbXaO0AgIyRtGWYglK7am4jU49c=",
        "owner": "MeanderingProgrammer",
        "repo": "markdown.nvim",
        "rev": "558310ae07b7bf0dffc478160513bb5c845f263c",
>>>>>>> 964b5ad04e4bd81ebcffef482aeb4bb4d8dd1df4
        "type": "github"
      },
      "original": {
        "owner": "MeanderingProgrammer",
        "repo": "markdown.nvim",
        "type": "github"
      }
    },
    "pre-commit-hooks": {
      "inputs": {
        "flake-compat": "flake-compat",
        "gitignore": "gitignore",
        "nixpkgs": [
          "hyprland",
          "nixpkgs"
        ]
      },
      "locked": {
<<<<<<< HEAD
        "lastModified": 1735882644,
        "narHash": "sha256-3FZAG+pGt3OElQjesCAWeMkQ7C/nB1oTHLRQ8ceP110=",
        "owner": "cachix",
        "repo": "git-hooks.nix",
        "rev": "a5a961387e75ae44cc20f0a57ae463da5e959656",
=======
        "lastModified": 1732021966,
        "narHash": "sha256-mnTbjpdqF0luOkou8ZFi2asa1N3AA2CchR/RqCNmsGE=",
        "owner": "cachix",
        "repo": "git-hooks.nix",
        "rev": "3308484d1a443fc5bc92012435d79e80458fe43c",
>>>>>>> 964b5ad04e4bd81ebcffef482aeb4bb4d8dd1df4
        "type": "github"
      },
      "original": {
        "owner": "cachix",
        "repo": "git-hooks.nix",
        "type": "github"
      }
    },
    "root": {
      "inputs": {
        "anyrun": "anyrun",
        "home-manager": "home-manager",
        "hyprland": "hyprland",
        "nixpkgs": "nixpkgs_2",
        "nixvim": "nixvim",
        "ow-mod-man": "ow-mod-man",
        "plugin-markdown": "plugin-markdown"
      }
    },
    "systems": {
      "locked": {
        "lastModified": 1689347949,
        "narHash": "sha256-12tWmuL2zgBgZkdoB6qXZsgJEH9LR3oUgpaQq2RbI80=",
        "owner": "nix-systems",
        "repo": "default-linux",
        "rev": "31732fcf5e8fea42e59c2488ad31a0e651500f68",
        "type": "github"
      },
      "original": {
        "owner": "nix-systems",
        "repo": "default-linux",
        "type": "github"
      }
    },
    "systems_2": {
      "locked": {
        "lastModified": 1689347949,
        "narHash": "sha256-12tWmuL2zgBgZkdoB6qXZsgJEH9LR3oUgpaQq2RbI80=",
        "owner": "nix-systems",
        "repo": "default-linux",
        "rev": "31732fcf5e8fea42e59c2488ad31a0e651500f68",
        "type": "github"
      },
      "original": {
        "owner": "nix-systems",
        "repo": "default-linux",
        "type": "github"
      }
    },
    "systems_3": {
      "locked": {
        "lastModified": 1681028828,
        "narHash": "sha256-Vy1rq5AaRuLzOxct8nz4T6wlgyUR7zLU309k9mBC768=",
        "owner": "nix-systems",
        "repo": "default",
        "rev": "da67096a3b9bf56a91d16901293e51ba5b49a27e",
        "type": "github"
      },
      "original": {
        "owner": "nix-systems",
        "repo": "default",
        "type": "github"
      }
    },
    "treefmt-nix": {
      "inputs": {
        "nixpkgs": [
          "nixvim",
          "nixpkgs"
        ]
      },
      "locked": {
<<<<<<< HEAD
        "lastModified": 1736154270,
        "narHash": "sha256-p2r8xhQZ3TYIEKBoiEhllKWQqWNJNoT9v64Vmg4q8Zw=",
        "owner": "numtide",
        "repo": "treefmt-nix",
        "rev": "13c913f5deb3a5c08bb810efd89dc8cb24dd968b",
=======
        "lastModified": 1732894027,
        "narHash": "sha256-2qbdorpq0TXHBWbVXaTqKoikN4bqAtAplTwGuII+oAc=",
        "owner": "numtide",
        "repo": "treefmt-nix",
        "rev": "6209c381904cab55796c5d7350e89681d3b2a8ef",
>>>>>>> 964b5ad04e4bd81ebcffef482aeb4bb4d8dd1df4
        "type": "github"
      },
      "original": {
        "owner": "numtide",
        "repo": "treefmt-nix",
        "type": "github"
      }
    },
    "xdph": {
      "inputs": {
        "hyprland-protocols": [
          "hyprland",
          "hyprland-protocols"
        ],
        "hyprlang": [
          "hyprland",
          "hyprlang"
        ],
        "hyprutils": [
          "hyprland",
          "hyprutils"
        ],
        "hyprwayland-scanner": [
          "hyprland",
          "hyprwayland-scanner"
        ],
        "nixpkgs": [
          "hyprland",
          "nixpkgs"
        ],
        "systems": [
          "hyprland",
          "systems"
        ]
      },
      "locked": {
<<<<<<< HEAD
        "lastModified": 1734907020,
        "narHash": "sha256-p6HxwpRKVl1KIiY5xrJdjcEeK3pbmc///UOyV6QER+w=",
        "owner": "hyprwm",
        "repo": "xdg-desktop-portal-hyprland",
        "rev": "d7f18dda5e511749fa1511185db3536208fb1a63",
=======
        "lastModified": 1731703417,
        "narHash": "sha256-rheDc/7C+yI+QspYr9J2z9kQ5P9F4ATapI7qyFAe1XA=",
        "owner": "hyprwm",
        "repo": "xdg-desktop-portal-hyprland",
        "rev": "8070f36deec723de71e7557441acb17e478204d3",
>>>>>>> 964b5ad04e4bd81ebcffef482aeb4bb4d8dd1df4
        "type": "github"
      },
      "original": {
        "owner": "hyprwm",
        "repo": "xdg-desktop-portal-hyprland",
        "type": "github"
      }
    }
  },
  "root": "root",
  "version": 7
}
