{
  "nodes": {
    "home-manager": {
      "inputs": {
        "nixpkgs": [
          "nixpkgs"
        ]
      },
      "locked": {
        "lastModified": 1712688495,
        "narHash": "sha256-NrVLXkpT9ZigiI8md6NIzHS+3lE4QTj30IgXG57O9iM=",
        "owner": "nix-community",
        "repo": "home-manager",
        "rev": "b00d0e4fe9cba0047f54e77418ddda5f17e6ef2c",
        "type": "github"
      },
      "original": {
        "owner": "nix-community",
        "repo": "home-manager",
        "type": "github"
      }
    },
    "nix-ld": {
      "inputs": {
        "nixpkgs": [
          "nixpkgs"
        ]
      },
      "locked": {
        "lastModified": 1701153607,
        "narHash": "sha256-h+odOVyiGmEERMECoFOj5P7FPiMR8IPRzroFA4sKivg=",
        "owner": "Mic92",
        "repo": "nix-ld",
        "rev": "bf5aa84a713c31d95b4307e442e966d6c7fd7ae7",
        "type": "github"
      },
      "original": {
        "owner": "Mic92",
        "repo": "nix-ld",
        "type": "github"
      }
    },
    "nixpkgs": {
      "locked": {
        "lastModified": 1712439257,
        "narHash": "sha256-aSpiNepFOMk9932HOax0XwNxbA38GOUVOiXfUVPOrck=",
        "owner": "nixos",
        "repo": "nixpkgs",
        "rev": "ff0dbd94265ac470dda06a657d5fe49de93b4599",
        "type": "github"
      },
      "original": {
        "owner": "nixos",
        "ref": "nixos-unstable",
        "repo": "nixpkgs",
        "type": "github"
      }
    },
    "nixpkgs-olympus": {
      "locked": {
        "lastModified": 1710233795,
        "narHash": "sha256-1OuAjgAVAuzMlOmUkIhYQuGh4IP7kx6QGaV/UjfGdOE=",
        "owner": "UlyssesZh",
        "repo": "nixpkgs",
        "rev": "7266babcb364c9240e9509ce96b2c7df83e42c7e",
        "type": "github"
      },
      "original": {
        "owner": "UlyssesZh",
        "ref": "olympus",
        "repo": "nixpkgs",
        "type": "github"
      }
    },
    "root": {
      "inputs": {
        "home-manager": "home-manager",
        "nix-ld": "nix-ld",
        "nixpkgs": "nixpkgs",
        "nixpkgs-olympus": "nixpkgs-olympus"
      }
    }
  },
  "root": "root",
  "version": 7
}
